// !$*UTF8*$!
{
	archiveVersion = 1;
	classes = {
	};
	objectVersion = 48;
	objects = {

/* Begin PBXBuildFile section */
		7E003C6F8232B8F13DB18B57 /* Pods_Assignment1.framework in Frameworks */ = {isa = PBXBuildFile; fileRef = 9C901C54A19EDCA2F22B7F82 /* Pods_Assignment1.framework */; };
		D16FDDCB214702BC00452B22 /* AppDelegate.swift in Sources */ = {isa = PBXBuildFile; fileRef = D16FDDCA214702BC00452B22 /* AppDelegate.swift */; };
		D16FDDCD214702BC00452B22 /* HomeViewController.swift in Sources */ = {isa = PBXBuildFile; fileRef = D16FDDCC214702BC00452B22 /* HomeViewController.swift */; };
		D16FDDD0214702BC00452B22 /* Main.storyboard in Resources */ = {isa = PBXBuildFile; fileRef = D16FDDCE214702BC00452B22 /* Main.storyboard */; };
		D16FDDD2214702BC00452B22 /* Assets.xcassets in Resources */ = {isa = PBXBuildFile; fileRef = D16FDDD1214702BC00452B22 /* Assets.xcassets */; };
		D16FDDD5214702BC00452B22 /* LaunchScreen.storyboard in Resources */ = {isa = PBXBuildFile; fileRef = D16FDDD3214702BC00452B22 /* LaunchScreen.storyboard */; };
		D16FDDDD21470C7900452B22 /* box8_stub.json in Resources */ = {isa = PBXBuildFile; fileRef = D16FDDDC21470C7900452B22 /* box8_stub.json */; };
		D16FDDE121470EA900452B22 /* Category.swift in Sources */ = {isa = PBXBuildFile; fileRef = D16FDDE021470EA900452B22 /* Category.swift */; };
		D16FDDE321470FDD00452B22 /* Product.swift in Sources */ = {isa = PBXBuildFile; fileRef = D16FDDE221470FDD00452B22 /* Product.swift */; };
		D16FDDE52147143800452B22 /* FoodMenuData.swift in Sources */ = {isa = PBXBuildFile; fileRef = D16FDDE42147143800452B22 /* FoodMenuData.swift */; };
/* End PBXBuildFile section */

/* Begin PBXFileReference section */
		00F1B2FA259E0DD77CADE553 /* Pods-Assignment1.debug.xcconfig */ = {isa = PBXFileReference; includeInIndex = 1; lastKnownFileType = text.xcconfig; name = "Pods-Assignment1.debug.xcconfig"; path = "Pods/Target Support Files/Pods-Assignment1/Pods-Assignment1.debug.xcconfig"; sourceTree = "<group>"; };
		9C901C54A19EDCA2F22B7F82 /* Pods_Assignment1.framework */ = {isa = PBXFileReference; explicitFileType = wrapper.framework; includeInIndex = 0; path = Pods_Assignment1.framework; sourceTree = BUILT_PRODUCTS_DIR; };
		CEACC133A321F22117A3A5B6 /* Pods-Assignment1.release.xcconfig */ = {isa = PBXFileReference; includeInIndex = 1; lastKnownFileType = text.xcconfig; name = "Pods-Assignment1.release.xcconfig"; path = "Pods/Target Support Files/Pods-Assignment1/Pods-Assignment1.release.xcconfig"; sourceTree = "<group>"; };
		D16FDDC7214702BC00452B22 /* Assignment1.app */ = {isa = PBXFileReference; explicitFileType = wrapper.application; includeInIndex = 0; path = Assignment1.app; sourceTree = BUILT_PRODUCTS_DIR; };
		D16FDDCA214702BC00452B22 /* AppDelegate.swift */ = {isa = PBXFileReference; lastKnownFileType = sourcecode.swift; path = AppDelegate.swift; sourceTree = "<group>"; };
		D16FDDCC214702BC00452B22 /* HomeViewController.swift */ = {isa = PBXFileReference; lastKnownFileType = sourcecode.swift; path = HomeViewController.swift; sourceTree = "<group>"; };
		D16FDDCF214702BC00452B22 /* Base */ = {isa = PBXFileReference; lastKnownFileType = file.storyboard; name = Base; path = Base.lproj/Main.storyboard; sourceTree = "<group>"; };
		D16FDDD1214702BC00452B22 /* Assets.xcassets */ = {isa = PBXFileReference; lastKnownFileType = folder.assetcatalog; path = Assets.xcassets; sourceTree = "<group>"; };
		D16FDDD4214702BC00452B22 /* Base */ = {isa = PBXFileReference; lastKnownFileType = file.storyboard; name = Base; path = Base.lproj/LaunchScreen.storyboard; sourceTree = "<group>"; };
		D16FDDD6214702BC00452B22 /* Info.plist */ = {isa = PBXFileReference; lastKnownFileType = text.plist.xml; path = Info.plist; sourceTree = "<group>"; };
		D16FDDDC21470C7900452B22 /* box8_stub.json */ = {isa = PBXFileReference; fileEncoding = 4; lastKnownFileType = text.json; path = box8_stub.json; sourceTree = "<group>"; };
		D16FDDE021470EA900452B22 /* Category.swift */ = {isa = PBXFileReference; lastKnownFileType = sourcecode.swift; path = Category.swift; sourceTree = "<group>"; };
		D16FDDE221470FDD00452B22 /* Product.swift */ = {isa = PBXFileReference; lastKnownFileType = sourcecode.swift; path = Product.swift; sourceTree = "<group>"; };
		D16FDDE42147143800452B22 /* FoodMenuData.swift */ = {isa = PBXFileReference; lastKnownFileType = sourcecode.swift; path = FoodMenuData.swift; sourceTree = "<group>"; };
/* End PBXFileReference section */

/* Begin PBXFrameworksBuildPhase section */
		D16FDDC4214702BC00452B22 /* Frameworks */ = {
			isa = PBXFrameworksBuildPhase;
			buildActionMask = 2147483647;
			files = (
				7E003C6F8232B8F13DB18B57 /* Pods_Assignment1.framework in Frameworks */,
			);
			runOnlyForDeploymentPostprocessing = 0;
		};
/* End PBXFrameworksBuildPhase section */

/* Begin PBXGroup section */
		C28B14BEE70F6BADFBBF3B5E /* Pods */ = {
			isa = PBXGroup;
			children = (
				00F1B2FA259E0DD77CADE553 /* Pods-Assignment1.debug.xcconfig */,
				CEACC133A321F22117A3A5B6 /* Pods-Assignment1.release.xcconfig */,
			);
			name = Pods;
			sourceTree = "<group>";
		};
		CCCAB141B58355404A56664D /* Frameworks */ = {
			isa = PBXGroup;
			children = (
				9C901C54A19EDCA2F22B7F82 /* Pods_Assignment1.framework */,
			);
			name = Frameworks;
			sourceTree = "<group>";
		};
		D16FDDBE214702BC00452B22 = {
			isa = PBXGroup;
			children = (
				D16FDDC9214702BC00452B22 /* Assignment1 */,
				D16FDDC8214702BC00452B22 /* Products */,
				C28B14BEE70F6BADFBBF3B5E /* Pods */,
				CCCAB141B58355404A56664D /* Frameworks */,
			);
			sourceTree = "<group>";
		};
		D16FDDC8214702BC00452B22 /* Products */ = {
			isa = PBXGroup;
			children = (
				D16FDDC7214702BC00452B22 /* Assignment1.app */,
			);
			name = Products;
			sourceTree = "<group>";
		};
		D16FDDC9214702BC00452B22 /* Assignment1 */ = {
			isa = PBXGroup;
			children = (
				D16FDDDE21470E4100452B22 /* Models */,
				D16FDDDF21470E4C00452B22 /* Controllers */,
				D16FDDCE214702BC00452B22 /* Main.storyboard */,
				D16FDDD3214702BC00452B22 /* LaunchScreen.storyboard */,
				D16FDDD1214702BC00452B22 /* Assets.xcassets */,
				D16FDDDC21470C7900452B22 /* box8_stub.json */,
				D16FDDD6214702BC00452B22 /* Info.plist */,
			);
			path = Assignment1;
			sourceTree = "<group>";
		};
		D16FDDDE21470E4100452B22 /* Models */ = {
			isa = PBXGroup;
			children = (
				D16FDDE42147143800452B22 /* FoodMenuData.swift */,
				D16FDDE021470EA900452B22 /* Category.swift */,
				D16FDDE221470FDD00452B22 /* Product.swift */,
			);
			path = Models;
			sourceTree = "<group>";
		};
		D16FDDDF21470E4C00452B22 /* Controllers */ = {
			isa = PBXGroup;
			children = (
				D16FDDCA214702BC00452B22 /* AppDelegate.swift */,
				D16FDDCC214702BC00452B22 /* HomeViewController.swift */,
			);
			path = Controllers;
			sourceTree = "<group>";
		};
/* End PBXGroup section */

/* Begin PBXNativeTarget section */
		D16FDDC6214702BC00452B22 /* Assignment1 */ = {
			isa = PBXNativeTarget;
			buildConfigurationList = D16FDDD9214702BC00452B22 /* Build configuration list for PBXNativeTarget "Assignment1" */;
			buildPhases = (
				AE4579BC11D45493E823193A /* [CP] Check Pods Manifest.lock */,
				D16FDDC3214702BC00452B22 /* Sources */,
				D16FDDC4214702BC00452B22 /* Frameworks */,
				D16FDDC5214702BC00452B22 /* Resources */,
				625BF44BBDBFF0C5DEF2CBC7 /* [CP] Embed Pods Frameworks */,
			);
			buildRules = (
			);
			dependencies = (
			);
			name = Assignment1;
			productName = Assignment1;
			productReference = D16FDDC7214702BC00452B22 /* Assignment1.app */;
			productType = "com.apple.product-type.application";
		};
/* End PBXNativeTarget section */

/* Begin PBXProject section */
		D16FDDBF214702BC00452B22 /* Project object */ = {
			isa = PBXProject;
			attributes = {
				LastSwiftUpdateCheck = 0920;
				LastUpgradeCheck = 0920;
				ORGANIZATIONNAME = "Rahul Gupta";
				TargetAttributes = {
					D16FDDC6214702BC00452B22 = {
						CreatedOnToolsVersion = 9.2;
						ProvisioningStyle = Manual;
					};
				};
			};
			buildConfigurationList = D16FDDC2214702BC00452B22 /* Build configuration list for PBXProject "Assignment1" */;
			compatibilityVersion = "Xcode 8.0";
			developmentRegion = en;
			hasScannedForEncodings = 0;
			knownRegions = (
				en,
				Base,
			);
			mainGroup = D16FDDBE214702BC00452B22;
			productRefGroup = D16FDDC8214702BC00452B22 /* Products */;
			projectDirPath = "";
			projectRoot = "";
			targets = (
				D16FDDC6214702BC00452B22 /* Assignment1 */,
			);
		};
/* End PBXProject section */

/* Begin PBXResourcesBuildPhase section */
		D16FDDC5214702BC00452B22 /* Resources */ = {
			isa = PBXResourcesBuildPhase;
			buildActionMask = 2147483647;
			files = (
				D16FDDDD21470C7900452B22 /* box8_stub.json in Resources */,
				D16FDDD5214702BC00452B22 /* LaunchScreen.storyboard in Resources */,
				D16FDDD2214702BC00452B22 /* Assets.xcassets in Resources */,
				D16FDDD0214702BC00452B22 /* Main.storyboard in Resources */,
			);
			runOnlyForDeploymentPostprocessing = 0;
		};
/* End PBXResourcesBuildPhase section */

/* Begin PBXShellScriptBuildPhase section */
		625BF44BBDBFF0C5DEF2CBC7 /* [CP] Embed Pods Frameworks */ = {
			isa = PBXShellScriptBuildPhase;
			buildActionMask = 2147483647;
			files = (
			);
			inputFileListPaths = (
			);
			inputPaths = (
				"${SRCROOT}/Pods/Target Support Files/Pods-Assignment1/Pods-Assignment1-frameworks.sh",
				"${BUILT_PRODUCTS_DIR}/SDWebImage/SDWebImage.framework",
			);
			name = "[CP] Embed Pods Frameworks";
			outputFileListPaths = (
			);
			outputPaths = (
				"${TARGET_BUILD_DIR}/${FRAMEWORKS_FOLDER_PATH}/SDWebImage.framework",
			);
			runOnlyForDeploymentPostprocessing = 0;
			shellPath = /bin/sh;
			shellScript = "\"${SRCROOT}/Pods/Target Support Files/Pods-Assignment1/Pods-Assignment1-frameworks.sh\"\n";
			showEnvVarsInLog = 0;
		};
		AE4579BC11D45493E823193A /* [CP] Check Pods Manifest.lock */ = {
			isa = PBXShellScriptBuildPhase;
			buildActionMask = 2147483647;
			files = (
			);
			inputFileListPaths = (
			);
			inputPaths = (
				"${PODS_PODFILE_DIR_PATH}/Podfile.lock",
				"${PODS_ROOT}/Manifest.lock",
			);
			name = "[CP] Check Pods Manifest.lock";
			outputFileListPaths = (
			);
			outputPaths = (
				"$(DERIVED_FILE_DIR)/Pods-Assignment1-checkManifestLockResult.txt",
			);
			runOnlyForDeploymentPostprocessing = 0;
			shellPath = /bin/sh;
			shellScript = "diff \"${PODS_PODFILE_DIR_PATH}/Podfile.lock\" \"${PODS_ROOT}/Manifest.lock\" > /dev/null\nif [ $? != 0 ] ; then\n    # print error to STDERR\n    echo \"error: The sandbox is not in sync with the Podfile.lock. Run 'pod install' or update your CocoaPods installation.\" >&2\n    exit 1\nfi\n# This output is used by Xcode 'outputs' to avoid re-running this script phase.\necho \"SUCCESS\" > \"${SCRIPT_OUTPUT_FILE_0}\"\n";
			showEnvVarsInLog = 0;
		};
/* End PBXShellScriptBuildPhase section */

/* Begin PBXSourcesBuildPhase section */
		D16FDDC3214702BC00452B22 /* Sources */ = {
			isa = PBXSourcesBuildPhase;
			buildActionMask = 2147483647;
			files = (
				D16FDDCD214702BC00452B22 /* HomeViewController.swift in Sources */,
				D16FDDE52147143800452B22 /* FoodMenuData.swift in Sources */,
				D16FDDE321470FDD00452B22 /* Product.swift in Sources */,
				D16FDDCB214702BC00452B22 /* AppDelegate.swift in Sources */,
				D16FDDE121470EA900452B22 /* Category.swift in Sources */,
			);
			runOnlyForDeploymentPostprocessing = 0;
		};
/* End PBXSourcesBuildPhase section */

/* Begin PBXVariantGroup section */
		D16FDDCE214702BC00452B22 /* Main.storyboard */ = {
			isa = PBXVariantGroup;
			children = (
				D16FDDCF214702BC00452B22 /* Base */,
			);
			name = Main.storyboard;
			sourceTree = "<group>";
		};
		D16FDDD3214702BC00452B22 /* LaunchScreen.storyboard */ = {
			isa = PBXVariantGroup;
			children = (
				D16FDDD4214702BC00452B22 /* Base */,
			);
			name = LaunchScreen.storyboard;
			sourceTree = "<group>";
		};
/* End PBXVariantGroup section */

/* Begin XCBuildConfiguration section */
		D16FDDD7214702BC00452B22 /* Debug */ = {
			isa = XCBuildConfiguration;
			buildSettings = {
				ALWAYS_SEARCH_USER_PATHS = NO;
				CLANG_ANALYZER_NONNULL = YES;
				CLANG_ANALYZER_NUMBER_OBJECT_CONVERSION = YES_AGGRESSIVE;
				CLANG_CXX_LANGUAGE_STANDARD = "gnu++14";
				CLANG_CXX_LIBRARY = "libc++";
				CLANG_ENABLE_MODULES = YES;
				CLANG_ENABLE_OBJC_ARC = YES;
				CLANG_WARN_BLOCK_CAPTURE_AUTORELEASING = YES;
				CLANG_WARN_BOOL_CONVERSION = YES;
				CLANG_WARN_COMMA = YES;
				CLANG_WARN_CONSTANT_CONVERSION = YES;
				CLANG_WARN_DIRECT_OBJC_ISA_USAGE = YES_ERROR;
				CLANG_WARN_DOCUMENTATION_COMMENTS = YES;
				CLANG_WARN_EMPTY_BODY = YES;
				CLANG_WARN_ENUM_CONVERSION = YES;
				CLANG_WARN_INFINITE_RECURSION = YES;
				CLANG_WARN_INT_CONVERSION = YES;
				CLANG_WARN_NON_LITERAL_NULL_CONVERSION = YES;
				CLANG_WARN_OBJC_LITERAL_CONVERSION = YES;
				CLANG_WARN_OBJC_ROOT_CLASS = YES_ERROR;
				CLANG_WARN_RANGE_LOOP_ANALYSIS = YES;
				CLANG_WARN_STRICT_PROTOTYPES = YES;
				CLANG_WARN_SUSPICIOUS_MOVE = YES;
				CLANG_WARN_UNGUARDED_AVAILABILITY = YES_AGGRESSIVE;
				CLANG_WARN_UNREACHABLE_CODE = YES;
				CLANG_WARN__DUPLICATE_METHOD_MATCH = YES;
				CODE_SIGN_IDENTITY = "iPhone Developer";
				COPY_PHASE_STRIP = NO;
				DEBUG_INFORMATION_FORMAT = dwarf;
				ENABLE_STRICT_OBJC_MSGSEND = YES;
				ENABLE_TESTABILITY = YES;
				GCC_C_LANGUAGE_STANDARD = gnu11;
				GCC_DYNAMIC_NO_PIC = NO;
				GCC_NO_COMMON_BLOCKS = YES;
				GCC_OPTIMIZATION_LEVEL = 0;
				GCC_PREPROCESSOR_DEFINITIONS = (
					"DEBUG=1",
					"$(inherited)",
				);
				GCC_WARN_64_TO_32_BIT_CONVERSION = YES;
				GCC_WARN_ABOUT_RETURN_TYPE = YES_ERROR;
				GCC_WARN_UNDECLARED_SELECTOR = YES;
				GCC_WARN_UNINITIALIZED_AUTOS = YES_AGGRESSIVE;
				GCC_WARN_UNUSED_FUNCTION = YES;
				GCC_WARN_UNUSED_VARIABLE = YES;
				IPHONEOS_DEPLOYMENT_TARGET = 11.2;
				MTL_ENABLE_DEBUG_INFO = YES;
				ONLY_ACTIVE_ARCH = YES;
				SDKROOT = iphoneos;
				SWIFT_ACTIVE_COMPILATION_CONDITIONS = DEBUG;
				SWIFT_OPTIMIZATION_LEVEL = "-Onone";
			};
			name = Debug;
		};
		D16FDDD8214702BC00452B22 /* Release */ = {
			isa = XCBuildConfiguration;
			buildSettings = {
				ALWAYS_SEARCH_USER_PATHS = NO;
				CLANG_ANALYZER_NONNULL = YES;
				CLANG_ANALYZER_NUMBER_OBJECT_CONVERSION = YES_AGGRESSIVE;
				CLANG_CXX_LANGUAGE_STANDARD = "gnu++14";
				CLANG_CXX_LIBRARY = "libc++";
				CLANG_ENABLE_MODULES = YES;
				CLANG_ENABLE_OBJC_ARC = YES;
				CLANG_WARN_BLOCK_CAPTURE_AUTORELEASING = YES;
				CLANG_WARN_BOOL_CONVERSION = YES;
				CLANG_WARN_COMMA = YES;
				CLANG_WARN_CONSTANT_CONVERSION = YES;
				CLANG_WARN_DIRECT_OBJC_ISA_USAGE = YES_ERROR;
				CLANG_WARN_DOCUMENTATION_COMMENTS = YES;
				CLANG_WARN_EMPTY_BODY = YES;
				CLANG_WARN_ENUM_CONVERSION = YES;
				CLANG_WARN_INFINITE_RECURSION = YES;
				CLANG_WARN_INT_CONVERSION = YES;
				CLANG_WARN_NON_LITERAL_NULL_CONVERSION = YES;
				CLANG_WARN_OBJC_LITERAL_CONVERSION = YES;
				CLANG_WARN_OBJC_ROOT_CLASS = YES_ERROR;
				CLANG_WARN_RANGE_LOOP_ANALYSIS = YES;
				CLANG_WARN_STRICT_PROTOTYPES = YES;
				CLANG_WARN_SUSPICIOUS_MOVE = YES;
				CLANG_WARN_UNGUARDED_AVAILABILITY = YES_AGGRESSIVE;
				CLANG_WARN_UNREACHABLE_CODE = YES;
				CLANG_WARN__DUPLICATE_METHOD_MATCH = YES;
				CODE_SIGN_IDENTITY = "iPhone Developer";
				COPY_PHASE_STRIP = NO;
				DEBUG_INFORMATION_FORMAT = "dwarf-with-dsym";
				ENABLE_NS_ASSERTIONS = NO;
				ENABLE_STRICT_OBJC_MSGSEND = YES;
				GCC_C_LANGUAGE_STANDARD = gnu11;
				GCC_NO_COMMON_BLOCKS = YES;
				GCC_WARN_64_TO_32_BIT_CONVERSION = YES;
				GCC_WARN_ABOUT_RETURN_TYPE = YES_ERROR;
				GCC_WARN_UNDECLARED_SELECTOR = YES;
				GCC_WARN_UNINITIALIZED_AUTOS = YES_AGGRESSIVE;
				GCC_WARN_UNUSED_FUNCTION = YES;
				GCC_WARN_UNUSED_VARIABLE = YES;
				IPHONEOS_DEPLOYMENT_TARGET = 11.2;
				MTL_ENABLE_DEBUG_INFO = NO;
				SDKROOT = iphoneos;
				SWIFT_OPTIMIZATION_LEVEL = "-Owholemodule";
				VALIDATE_PRODUCT = YES;
			};
			name = Release;
		};
		D16FDDDA214702BC00452B22 /* Debug */ = {
			isa = XCBuildConfiguration;
			baseConfigurationReference = 00F1B2FA259E0DD77CADE553 /* Pods-Assignment1.debug.xcconfig */;
			buildSettings = {
				ASSETCATALOG_COMPILER_APPICON_NAME = AppIcon;
				CODE_SIGN_STYLE = Manual;
				DEVELOPMENT_TEAM = "";
				INFOPLIST_FILE = Assignment1/Info.plist;
				LD_RUNPATH_SEARCH_PATHS = "$(inherited) @executable_path/Frameworks";
				PRODUCT_BUNDLE_IDENTIFIER = com.Test.Assignment1;
				PRODUCT_NAME = "$(TARGET_NAME)";
				PROVISIONING_PROFILE_SPECIFIER = "";
				SWIFT_VERSION = 4.0;
				TARGETED_DEVICE_FAMILY = 1;
			};
			name = Debug;
		};
		D16FDDDB214702BC00452B22 /* Release */ = {
			isa = XCBuildConfiguration;
			baseConfigurationReference = CEACC133A321F22117A3A5B6 /* Pods-Assignment1.release.xcconfig */;
			buildSettings = {
				ASSETCATALOG_COMPILER_APPICON_NAME = AppIcon;
				CODE_SIGN_STYLE = Manual;
				DEVELOPMENT_TEAM = "";
				INFOPLIST_FILE = Assignment1/Info.plist;
				LD_RUNPATH_SEARCH_PATHS = "$(inherited) @executable_path/Frameworks";
				PRODUCT_BUNDLE_IDENTIFIER = com.Test.Assignment1;
				PRODUCT_NAME = "$(TARGET_NAME)";
				PROVISIONING_PROFILE_SPECIFIER = "";
				SWIFT_VERSION = 4.0;
				TARGETED_DEVICE_FAMILY = 1;
			};
			name = Release;
		};
/* End XCBuildConfiguration section */

/* Begin XCConfigurationList section */
		D16FDDC2214702BC00452B22 /* Build configuration list for PBXProject "Assignment1" */ = {
			isa = XCConfigurationList;
			buildConfigurations = (
				D16FDDD7214702BC00452B22 /* Debug */,
				D16FDDD8214702BC00452B22 /* Release */,
			);
			defaultConfigurationIsVisible = 0;
			defaultConfigurationName = Release;
		};
		D16FDDD9214702BC00452B22 /* Build configuration list for PBXNativeTarget "Assignment1" */ = {
			isa = XCConfigurationList;
			buildConfigurations = (
				D16FDDDA214702BC00452B22 /* Debug */,
				D16FDDDB214702BC00452B22 /* Release */,
			);
			defaultConfigurationIsVisible = 0;
			defaultConfigurationName = Release;
		};
/* End XCConfigurationList section */
	};
	rootObject = D16FDDBF214702BC00452B22 /* Project object */;
}
